
Microsoft Visual Studio Solution File, Format Version 12.00
# Visual Studio Version 17
VisualStudioVersion = 17.11.35219.272
MinimumVisualStudioVersion = 10.0.40219.1
Project("{FAE04EC0-301F-11D3-BF4B-00C04F79EFBC}") = "KitchenAppliance", "KitchenAppliance.csproj", "{FA460B22-C986-4FCD-8B04-2DF67B4A3113}"
EndProject
Global
	GlobalSection(SolutionConfigurationPlatforms) = preSolution
		Debug|Any CPU = Debug|Any CPU
		Release|Any CPU = Release|Any CPU
	EndGlobalSection
	GlobalSection(ProjectConfigurationPlatforms) = postSolution
		{FA460B22-C986-4FCD-8B04-2DF67B4A3113}.Debug|Any CPU.ActiveCfg = Debug|Any CPU
		{FA460B22-C986-4FCD-8B04-2DF67B4A3113}.Debug|Any CPU.Build.0 = Debug|Any CPU
		{FA460B22-C986-4FCD-8B04-2DF67B4A3113}.Release|Any CPU.ActiveCfg = Release|Any CPU
		{FA460B22-C986-4FCD-8B04-2DF67B4A3113}.Release|Any CPU.Build.0 = Release|Any CPU
	EndGlobalSection
	GlobalSection(SolutionProperties) = preSolution
		HideSolutionNode = FALSE
	EndGlobalSection
	GlobalSection(ExtensibilityGlobals) = postSolution
		SolutionGuid = {8921B051-763C-4FB9-8A8D-0BB145C51A62}
	EndGlobalSection
EndGlobal
